
Microsoft Visual Studio Solution File, Format Version 12.00
# Visual Studio 15
VisualStudioVersion = 15.0.27703.2047
MinimumVisualStudioVersion = 10.0.40219.1
Project("{FAE04EC0-301F-11D3-BF4B-00C04F79EFBC}") = "02app_dentalClinic", "02app_dentalClinic\02app_dentalClinic.csproj", "{E61D2AB1-6F6D-4C4B-9003-A79794E0D848}"
EndProject
Global
	GlobalSection(SolutionConfigurationPlatforms) = preSolution
		Debug|Any CPU = Debug|Any CPU
		Release|Any CPU = Release|Any CPU
	EndGlobalSection
	GlobalSection(ProjectConfigurationPlatforms) = postSolution
		{E61D2AB1-6F6D-4C4B-9003-A79794E0D848}.Debug|Any CPU.ActiveCfg = Debug|Any CPU
		{E61D2AB1-6F6D-4C4B-9003-A79794E0D848}.Debug|Any CPU.Build.0 = Debug|Any CPU
		{E61D2AB1-6F6D-4C4B-9003-A79794E0D848}.Release|Any CPU.ActiveCfg = Release|Any CPU
		{E61D2AB1-6F6D-4C4B-9003-A79794E0D848}.Release|Any CPU.Build.0 = Release|Any CPU
	EndGlobalSection
	GlobalSection(SolutionProperties) = preSolution
		HideSolutionNode = FALSE
	EndGlobalSection
	GlobalSection(ExtensibilityGlobals) = postSolution
		SolutionGuid = {1AA997FA-D228-4C65-938C-335BC067D0A0}
	EndGlobalSection
EndGlobal
